
Microsoft Visual Studio Solution File, Format Version 12.00
# Visual Studio Version 17
VisualStudioVersion = 17.14.36623.8 d17.14
MinimumVisualStudioVersion = 10.0.40219.1
Project("{FAE04EC0-301F-11D3-BF4B-00C04F79EFBC}") = "WebApp", "WebApp\WebApp.csproj", "{89765BCC-89A5-4266-94B7-119394247AF9}"
EndProject
Global
	GlobalSection(SolutionConfigurationPlatforms) = preSolution
		Debug|Any CPU = Debug|Any CPU
		Release|Any CPU = Release|Any CPU
	EndGlobalSection
	GlobalSection(ProjectConfigurationPlatforms) = postSolution
		{89765BCC-89A5-4266-94B7-119394247AF9}.Debug|Any CPU.ActiveCfg = Debug|Any CPU
		{89765BCC-89A5-4266-94B7-119394247AF9}.Debug|Any CPU.Build.0 = Debug|Any CPU
		{89765BCC-89A5-4266-94B7-119394247AF9}.Release|Any CPU.ActiveCfg = Release|Any CPU
		{89765BCC-89A5-4266-94B7-119394247AF9}.Release|Any CPU.Build.0 = Release|Any CPU
	EndGlobalSection
	GlobalSection(SolutionProperties) = preSolution
		HideSolutionNode = FALSE
	EndGlobalSection
	GlobalSection(ExtensibilityGlobals) = postSolution
		SolutionGuid = {947EE8DF-A1B1-4EFD-9107-563BD2D40D97}
	EndGlobalSection
EndGlobal
